
Microsoft Visual Studio Solution File, Format Version 12.00
# Visual Studio Version 16
VisualStudioVersion = 16.0.31829.152
MinimumVisualStudioVersion = 10.0.40219.1
Project("{888888A0-9F3D-457C-B088-3A5042F75D52}") = "Ticci_taccy_toey", "Ticci_taccy_toey\Ticci_taccy_toey.pyproj", "{25542B17-312E-4EC0-A221-8D47A39AEBAD}"
EndProject
Global
	GlobalSection(SolutionConfigurationPlatforms) = preSolution
		Debug|Any CPU = Debug|Any CPU
		Release|Any CPU = Release|Any CPU
	EndGlobalSection
	GlobalSection(ProjectConfigurationPlatforms) = postSolution
		{25542B17-312E-4EC0-A221-8D47A39AEBAD}.Debug|Any CPU.ActiveCfg = Debug|Any CPU
		{25542B17-312E-4EC0-A221-8D47A39AEBAD}.Release|Any CPU.ActiveCfg = Release|Any CPU
	EndGlobalSection
	GlobalSection(SolutionProperties) = preSolution
		HideSolutionNode = FALSE
	EndGlobalSection
	GlobalSection(ExtensibilityGlobals) = postSolution
		SolutionGuid = {76FC19DF-5026-4716-B12C-531C8BC9D8A1}
	EndGlobalSection
EndGlobal
